
Microsoft Visual Studio Solution File, Format Version 11.00
# Visual Studio 2010
Project("{FAE04EC0-301F-11D3-BF4B-00C04F79EFBC}") = "Assembly-CSharp-firstpass", "Assembly-CSharp-firstpass.csproj", "{138C64E7-AC05-049F-75AF-E2E7F3A2C57B}"
EndProject
Project("{FAE04EC0-301F-11D3-BF4B-00C04F79EFBC}") = "Assembly-CSharp", "Assembly-CSharp.csproj", "{3C6A0ED4-7E34-A857-9EC8-FBF2DF205925}"
EndProject
Project("{FAE04EC0-301F-11D3-BF4B-00C04F79EFBC}") = "Assembly-CSharp-Editor-firstpass", "Assembly-CSharp-Editor-firstpass.csproj", "{AA5E4006-94C1-5E60-263A-92E51E77DDDC}"
EndProject
Global
	GlobalSection(SolutionConfigurationPlatforms) = preSolution
		Debug|Any CPU = Debug|Any CPU
		Release|Any CPU = Release|Any CPU
	EndGlobalSection
	GlobalSection(ProjectConfigurationPlatforms) = postSolution
		{138C64E7-AC05-049F-75AF-E2E7F3A2C57B}.Debug|Any CPU.ActiveCfg = Debug|Any CPU
		{138C64E7-AC05-049F-75AF-E2E7F3A2C57B}.Debug|Any CPU.Build.0 = Debug|Any CPU
		{138C64E7-AC05-049F-75AF-E2E7F3A2C57B}.Release|Any CPU.ActiveCfg = Release|Any CPU
		{138C64E7-AC05-049F-75AF-E2E7F3A2C57B}.Release|Any CPU.Build.0 = Release|Any CPU
		{3C6A0ED4-7E34-A857-9EC8-FBF2DF205925}.Debug|Any CPU.ActiveCfg = Debug|Any CPU
		{3C6A0ED4-7E34-A857-9EC8-FBF2DF205925}.Debug|Any CPU.Build.0 = Debug|Any CPU
		{3C6A0ED4-7E34-A857-9EC8-FBF2DF205925}.Release|Any CPU.ActiveCfg = Release|Any CPU
		{3C6A0ED4-7E34-A857-9EC8-FBF2DF205925}.Release|Any CPU.Build.0 = Release|Any CPU
		{AA5E4006-94C1-5E60-263A-92E51E77DDDC}.Debug|Any CPU.ActiveCfg = Debug|Any CPU
		{AA5E4006-94C1-5E60-263A-92E51E77DDDC}.Debug|Any CPU.Build.0 = Debug|Any CPU
		{AA5E4006-94C1-5E60-263A-92E51E77DDDC}.Release|Any CPU.ActiveCfg = Release|Any CPU
		{AA5E4006-94C1-5E60-263A-92E51E77DDDC}.Release|Any CPU.Build.0 = Release|Any CPU
	EndGlobalSection
	GlobalSection(SolutionProperties) = preSolution
		HideSolutionNode = FALSE
	EndGlobalSection
	GlobalSection(MonoDevelopProperties) = preSolution
		StartupItem = Assembly-CSharp.csproj
	EndGlobalSection
EndGlobal
